lockfileVersion: 5.3

specifiers:
  marked: ^0.6.2

devDependencies:
  marked: 0.6.3

packages:

  /marked/0.6.3:
    resolution: {integrity: sha512-Fqa7eq+UaxfMriqzYLayfqAE40WN03jf+zHjT18/uXNuzjq3TY0XTbrAoPeqSJrAmPz11VuUA+kBPYOhHt9oOQ==}
    engines: {node: '>=0.10.0'}
    hasBin: true
    dev: true
